
Microsoft Visual Studio Solution File, Format Version 12.00
# Visual Studio 2012
Project("{8BC9CEB8-8B4A-11D0-8D11-00A0C91BC942}") = "FejlettGrafKP_JNA", "FejlettGrafKP_JNA\FejlettGrafKP_JNA.vcxproj", "{9A9A7633-584B-403F-B049-2AEF71218191}"
EndProject
Project("{8BC9CEB8-8B4A-11D0-8D11-00A0C91BC942}") = "Sphere_VertexArray", "Sphere_VertexArray\Sphere_VertexArray.vcxproj", "{2466DDC3-BF87-43C9-939F-FDDB05B3481B}"
EndProject
Global
	GlobalSection(SolutionConfigurationPlatforms) = preSolution
		Debug|Win32 = Debug|Win32
		Release|Win32 = Release|Win32
	EndGlobalSection
	GlobalSection(ProjectConfigurationPlatforms) = postSolution
		{9A9A7633-584B-403F-B049-2AEF71218191}.Debug|Win32.ActiveCfg = Debug|Win32
		{9A9A7633-584B-403F-B049-2AEF71218191}.Debug|Win32.Build.0 = Debug|Win32
		{9A9A7633-584B-403F-B049-2AEF71218191}.Release|Win32.ActiveCfg = Release|Win32
		{9A9A7633-584B-403F-B049-2AEF71218191}.Release|Win32.Build.0 = Release|Win32
		{2466DDC3-BF87-43C9-939F-FDDB05B3481B}.Debug|Win32.ActiveCfg = Debug|Win32
		{2466DDC3-BF87-43C9-939F-FDDB05B3481B}.Debug|Win32.Build.0 = Debug|Win32
		{2466DDC3-BF87-43C9-939F-FDDB05B3481B}.Release|Win32.ActiveCfg = Release|Win32
		{2466DDC3-BF87-43C9-939F-FDDB05B3481B}.Release|Win32.Build.0 = Release|Win32
	EndGlobalSection
	GlobalSection(SolutionProperties) = preSolution
		HideSolutionNode = FALSE
	EndGlobalSection
	GlobalSection(ExtensibilityGlobals) = postSolution
		VisualSVNWorkingCopyRoot = .
	EndGlobalSection
EndGlobal
